# This file is automatically @generated by Cargo.
# It is not intended for manual editing.
version = 4

[[package]]
name = "ward-agent"
version = "0.1.0"

[[package]]
name = "ward-cli"
version = "0.1.0"

[[package]]
name = "ward-daemon"
version = "0.1.0"

[[package]]
name = "ward-events"
version = "0.1.0"

[[package]]
name = "ward-policy"
version = "0.1.0"

[[package]]
name = "ward-sandbox"
version = "0.1.0"

[[package]]
name = "ward-snapshot"
version = "0.1.0"
